lockfileVersion: '9.0'

settings:
  autoInstallPeers: true
  excludeLinksFromLockfile: false

importers:

  .:
    dependencies:
      ansi_up:
        specifier: ^6.0.6
        version: 6.0.6

packages:

  ansi_up@6.0.6:
    resolution: {integrity: sha512-yIa1x3Ecf8jWP4UWEunNjqNX6gzE4vg2gGz+xqRGY+TBSucnYp6RRdPV4brmtg6bQ1ljD48mZ5iGSEj7QEpRKA==}

snapshots:

  ansi_up@6.0.6: {}
